// !$*UTF8*$!
{
	archiveVersion = 1;
	classes = {
	};
	objectVersion = 46;
	objects = {

/* Begin PBXBuildFile section */
		14DE48ED1F42CEAB00A549A6 /* AppDelegate.swift in Sources */ = {isa = PBXBuildFile; fileRef = 14DE48EC1F42CEAB00A549A6 /* AppDelegate.swift */; };
		14DE48EF1F42CEAB00A549A6 /* ViewController.swift in Sources */ = {isa = PBXBuildFile; fileRef = 14DE48EE1F42CEAB00A549A6 /* ViewController.swift */; };
		14DE48F21F42CEAB00A549A6 /* Main.storyboard in Resources */ = {isa = PBXBuildFile; fileRef = 14DE48F01F42CEAB00A549A6 /* Main.storyboard */; };
		14DE48F41F42CEAB00A549A6 /* Assets.xcassets in Resources */ = {isa = PBXBuildFile; fileRef = 14DE48F31F42CEAB00A549A6 /* Assets.xcassets */; };
		14DE48F71F42CEAB00A549A6 /* LaunchScreen.storyboard in Resources */ = {isa = PBXBuildFile; fileRef = 14DE48F51F42CEAB00A549A6 /* LaunchScreen.storyboard */; };
/* End PBXBuildFile section */

/* Begin PBXFileReference section */
		14DE48E91F42CEAB00A549A6 /* 爱拍拍.app */ = {isa = PBXFileReference; explicitFileType = wrapper.application; includeInIndex = 0; path = "爱拍拍.app"; sourceTree = BUILT_PRODUCTS_DIR; };
		14DE48EC1F42CEAB00A549A6 /* AppDelegate.swift */ = {isa = PBXFileReference; lastKnownFileType = sourcecode.swift; path = AppDelegate.swift; sourceTree = "<group>"; };
		14DE48EE1F42CEAB00A549A6 /* ViewController.swift */ = {isa = PBXFileReference; lastKnownFileType = sourcecode.swift; path = ViewController.swift; sourceTree = "<group>"; };
		14DE48F11F42CEAB00A549A6 /* Base */ = {isa = PBXFileReference; lastKnownFileType = file.storyboard; name = Base; path = Base.lproj/Main.storyboard; sourceTree = "<group>"; };
		14DE48F31F42CEAB00A549A6 /* Assets.xcassets */ = {isa = PBXFileReference; lastKnownFileType = folder.assetcatalog; path = Assets.xcassets; sourceTree = "<group>"; };
		14DE48F61F42CEAB00A549A6 /* Base */ = {isa = PBXFileReference; lastKnownFileType = file.storyboard; name = Base; path = Base.lproj/LaunchScreen.storyboard; sourceTree = "<group>"; };
		14DE48F81F42CEAB00A549A6 /* Info.plist */ = {isa = PBXFileReference; lastKnownFileType = text.plist.xml; path = Info.plist; sourceTree = "<group>"; };
/* End PBXFileReference section */

/* Begin PBXFrameworksBuildPhase section */
		14DE48E61F42CEAB00A549A6 /* Frameworks */ = {
			isa = PBXFrameworksBuildPhase;
			buildActionMask = 2147483647;
			files = (
			);
			runOnlyForDeploymentPostprocessing = 0;
		};
/* End PBXFrameworksBuildPhase section */

/* Begin PBXGroup section */
		14DE48E01F42CEAB00A549A6 = {
			isa = PBXGroup;
			children = (
				14DE48EB1F42CEAB00A549A6 /* 爱拍拍 */,
				14DE48EA1F42CEAB00A549A6 /* Products */,
			);
			sourceTree = "<group>";
		};
		14DE48EA1F42CEAB00A549A6 /* Products */ = {
			isa = PBXGroup;
			children = (
				14DE48E91F42CEAB00A549A6 /* 爱拍拍.app */,
			);
			name = Products;
			sourceTree = "<group>";
		};
		14DE48EB1F42CEAB00A549A6 /* 爱拍拍 */ = {
			isa = PBXGroup;
			children = (
				14DE48EC1F42CEAB00A549A6 /* AppDelegate.swift */,
				14DE48EE1F42CEAB00A549A6 /* ViewController.swift */,
				14DE48F01F42CEAB00A549A6 /* Main.storyboard */,
				14DE48F31F42CEAB00A549A6 /* Assets.xcassets */,
				14DE48F51F42CEAB00A549A6 /* LaunchScreen.storyboard */,
				14DE48F81F42CEAB00A549A6 /* Info.plist */,
			);
			path = "爱拍拍";
			sourceTree = "<group>";
		};
/* End PBXGroup section */

/* Begin PBXNativeTarget section */
		14DE48E81F42CEAB00A549A6 /* 爱拍拍 */ = {
			isa = PBXNativeTarget;
			buildConfigurationList = 14DE48FB1F42CEAB00A549A6 /* Build configuration list for PBXNativeTarget "爱拍拍" */;
			buildPhases = (
				14DE48E51F42CEAB00A549A6 /* Sources */,
				14DE48E61F42CEAB00A549A6 /* Frameworks */,
				14DE48E71F42CEAB00A549A6 /* Resources */,
			);
			buildRules = (
			);
			dependencies = (
			);
			name = "爱拍拍";
			productName = "爱拍拍";
			productReference = 14DE48E91F42CEAB00A549A6 /* 爱拍拍.app */;
			productType = "com.apple.product-type.application";
		};
/* End PBXNativeTarget section */

/* Begin PBXProject section */
		14DE48E11F42CEAB00A549A6 /* Project object */ = {
			isa = PBXProject;
			attributes = {
				LastSwiftUpdateCheck = 0830;
				LastUpgradeCheck = 0830;
				ORGANIZATIONNAME = lihe;
				TargetAttributes = {
					14DE48E81F42CEAB00A549A6 = {
						CreatedOnToolsVersion = 8.3.3;
						ProvisioningStyle = Automatic;
					};
				};
			};
			buildConfigurationList = 14DE48E41F42CEAB00A549A6 /* Build configuration list for PBXProject "爱拍拍" */;
			compatibilityVersion = "Xcode 3.2";
			developmentRegion = English;
			hasScannedForEncodings = 0;
			knownRegions = (
				en,
				Base,
			);
			mainGroup = 14DE48E01F42CEAB00A549A6;
			productRefGroup = 14DE48EA1F42CEAB00A549A6 /* Products */;
			projectDirPath = "";
			projectRoot = "";
			targets = (
				14DE48E81F42CEAB00A549A6 /* 爱拍拍 */,
			);
		};
/* End PBXProject section */

/* Begin PBXResourcesBuildPhase section */
		14DE48E71F42CEAB00A549A6 /* Resources */ = {
			isa = PBXResourcesBuildPhase;
			buildActionMask = 2147483647;
			files = (
				14DE48F71F42CEAB00A549A6 /* LaunchScreen.storyboard in Resources */,
				14DE48F41F42CEAB00A549A6 /* Assets.xcassets in Resources */,
				14DE48F21F42CEAB00A549A6 /* Main.storyboard in Resources */,
			);
			runOnlyForDeploymentPostprocessing = 0;
		};
/* End PBXResourcesBuildPhase section */

/* Begin PBXSourcesBuildPhase section */
		14DE48E51F42CEAB00A549A6 /* Sources */ = {
			isa = PBXSourcesBuildPhase;
			buildActionMask = 2147483647;
			files = (
				14DE48EF1F42CEAB00A549A6 /* ViewController.swift in Sources */,
				14DE48ED1F42CEAB00A549A6 /* AppDelegate.swift in Sources */,
			);
			runOnlyForDeploymentPostprocessing = 0;
		};
/* End PBXSourcesBuildPhase section */

/* Begin PBXVariantGroup section */
		14DE48F01F42CEAB00A549A6 /* Main.storyboard */ = {
			isa = PBXVariantGroup;
			children = (
				14DE48F11F42CEAB00A549A6 /* Base */,
			);
			name = Main.storyboard;
			sourceTree = "<group>";
		};
		14DE48F51F42CEAB00A549A6 /* LaunchScreen.storyboard */ = {
			isa = PBXVariantGroup;
			children = (
				14DE48F61F42CEAB00A549A6 /* Base */,
			);
			name = LaunchScreen.storyboard;
			sourceTree = "<group>";
		};
/* End PBXVariantGroup section */

/* Begin XCBuildConfiguration section */
		14DE48F91F42CEAB00A549A6 /* Debug */ = {
			isa = XCBuildConfiguration;
			buildSettings = {
				ALWAYS_SEARCH_USER_PATHS = NO;
				CLANG_ANALYZER_NONNULL = YES;
				CLANG_ANALYZER_NUMBER_OBJECT_CONVERSION = YES_AGGRESSIVE;
				CLANG_CXX_LANGUAGE_STANDARD = "gnu++0x";
				CLANG_CXX_LIBRARY = "libc++";
				CLANG_ENABLE_MODULES = YES;
				CLANG_ENABLE_OBJC_ARC = YES;
				CLANG_WARN_BOOL_CONVERSION = YES;
				CLANG_WARN_CONSTANT_CONVERSION = YES;
				CLANG_WARN_DIRECT_OBJC_ISA_USAGE = YES_ERROR;
				CLANG_WARN_DOCUMENTATION_COMMENTS = YES;
				CLANG_WARN_EMPTY_BODY = YES;
				CLANG_WARN_ENUM_CONVERSION = YES;
				CLANG_WARN_INFINITE_RECURSION = YES;
				CLANG_WARN_INT_CONVERSION = YES;
				CLANG_WARN_OBJC_ROOT_CLASS = YES_ERROR;
				CLANG_WARN_SUSPICIOUS_MOVE = YES;
				CLANG_WARN_UNREACHABLE_CODE = YES;
				CLANG_WARN__DUPLICATE_METHOD_MATCH = YES;
				"CODE_SIGN_IDENTITY[sdk=iphoneos*]" = "iPhone Developer";
				COPY_PHASE_STRIP = NO;
				DEBUG_INFORMATION_FORMAT = dwarf;
				ENABLE_STRICT_OBJC_MSGSEND = YES;
				ENABLE_TESTABILITY = YES;
				GCC_C_LANGUAGE_STANDARD = gnu99;
				GCC_DYNAMIC_NO_PIC = NO;
				GCC_NO_COMMON_BLOCKS = YES;
				GCC_OPTIMIZATION_LEVEL = 0;
				GCC_PREPROCESSOR_DEFINITIONS = (
					"DEBUG=1",
					"$(inherited)",
				);
				GCC_WARN_64_TO_32_BIT_CONVERSION = YES;
				GCC_WARN_ABOUT_RETURN_TYPE = YES_ERROR;
				GCC_WARN_UNDECLARED_SELECTOR = YES;
				GCC_WARN_UNINITIALIZED_AUTOS = YES_AGGRESSIVE;
				GCC_WARN_UNUSED_FUNCTION = YES;
				GCC_WARN_UNUSED_VARIABLE = YES;
				IPHONEOS_DEPLOYMENT_TARGET = 10.3;
				MTL_ENABLE_DEBUG_INFO = YES;
				ONLY_ACTIVE_ARCH = YES;
				SDKROOT = iphoneos;
				SWIFT_ACTIVE_COMPILATION_CONDITIONS = DEBUG;
				SWIFT_OPTIMIZATION_LEVEL = "-Onone";
				TARGETED_DEVICE_FAMILY = "1,2";
			};
			name = Debug;
		};
		14DE48FA1F42CEAB00A549A6 /* Release */ = {
			isa = XCBuildConfiguration;
			buildSettings = {
				ALWAYS_SEARCH_USER_PATHS = NO;
				CLANG_ANALYZER_NONNULL = YES;
				CLANG_ANALYZER_NUMBER_OBJECT_CONVERSION = YES_AGGRESSIVE;
				CLANG_CXX_LANGUAGE_STANDARD = "gnu++0x";
				CLANG_CXX_LIBRARY = "libc++";
				CLANG_ENABLE_MODULES = YES;
				CLANG_ENABLE_OBJC_ARC = YES;
				CLANG_WARN_BOOL_CONVERSION = YES;
				CLANG_WARN_CONSTANT_CONVERSION = YES;
				CLANG_WARN_DIRECT_OBJC_ISA_USAGE = YES_ERROR;
				CLANG_WARN_DOCUMENTATION_COMMENTS = YES;
				CLANG_WARN_EMPTY_BODY = YES;
				CLANG_WARN_ENUM_CONVERSION = YES;
				CLANG_WARN_INFINITE_RECURSION = YES;
				CLANG_WARN_INT_CONVERSION = YES;
				CLANG_WARN_OBJC_ROOT_CLASS = YES_ERROR;
				CLANG_WARN_SUSPICIOUS_MOVE = YES;
				CLANG_WARN_UNREACHABLE_CODE = YES;
				CLANG_WARN__DUPLICATE_METHOD_MATCH = YES;
				"CODE_SIGN_IDENTITY[sdk=iphoneos*]" = "iPhone Developer";
				COPY_PHASE_STRIP = NO;
				DEBUG_INFORMATION_FORMAT = "dwarf-with-dsym";
				ENABLE_NS_ASSERTIONS = NO;
				ENABLE_STRICT_OBJC_MSGSEND = YES;
				GCC_C_LANGUAGE_STANDARD = gnu99;
				GCC_NO_COMMON_BLOCKS = YES;
				GCC_WARN_64_TO_32_BIT_CONVERSION = YES;
				GCC_WARN_ABOUT_RETURN_TYPE = YES_ERROR;
				GCC_WARN_UNDECLARED_SELECTOR = YES;
				GCC_WARN_UNINITIALIZED_AUTOS = YES_AGGRESSIVE;
				GCC_WARN_UNUSED_FUNCTION = YES;
				GCC_WARN_UNUSED_VARIABLE = YES;
				IPHONEOS_DEPLOYMENT_TARGET = 10.3;
				MTL_ENABLE_DEBUG_INFO = NO;
				SDKROOT = iphoneos;
				SWIFT_OPTIMIZATION_LEVEL = "-Owholemodule";
				TARGETED_DEVICE_FAMILY = "1,2";
				VALIDATE_PRODUCT = YES;
			};
			name = Release;
		};
		14DE48FC1F42CEAB00A549A6 /* Debug */ = {
			isa = XCBuildConfiguration;
			buildSettings = {
				ASSETCATALOG_COMPILER_APPICON_NAME = AppIcon;
				INFOPLIST_FILE = "爱拍拍/Info.plist";
				LD_RUNPATH_SEARCH_PATHS = "$(inherited) @executable_path/Frameworks";
				PRODUCT_BUNDLE_IDENTIFIER = "lihe.---";
				PRODUCT_NAME = "$(TARGET_NAME)";
				SWIFT_VERSION = 3.0;
			};
			name = Debug;
		};
		14DE48FD1F42CEAB00A549A6 /* Release */ = {
			isa = XCBuildConfiguration;
			buildSettings = {
				ASSETCATALOG_COMPILER_APPICON_NAME = AppIcon;
				INFOPLIST_FILE = "爱拍拍/Info.plist";
				LD_RUNPATH_SEARCH_PATHS = "$(inherited) @executable_path/Frameworks";
				PRODUCT_BUNDLE_IDENTIFIER = "lihe.---";
				PRODUCT_NAME = "$(TARGET_NAME)";
				SWIFT_VERSION = 3.0;
			};
			name = Release;
		};
/* End XCBuildConfiguration section */

/* Begin XCConfigurationList section */
		14DE48E41F42CEAB00A549A6 /* Build configuration list for PBXProject "爱拍拍" */ = {
			isa = XCConfigurationList;
			buildConfigurations = (
				14DE48F91F42CEAB00A549A6 /* Debug */,
				14DE48FA1F42CEAB00A549A6 /* Release */,
			);
			defaultConfigurationIsVisible = 0;
			defaultConfigurationName = Release;
		};
		14DE48FB1F42CEAB00A549A6 /* Build configuration list for PBXNativeTarget "爱拍拍" */ = {
			isa = XCConfigurationList;
			buildConfigurations = (
				14DE48FC1F42CEAB00A549A6 /* Debug */,
				14DE48FD1F42CEAB00A549A6 /* Release */,
			);
			defaultConfigurationIsVisible = 0;
		};
/* End XCConfigurationList section */
	};
	rootObject = 14DE48E11F42CEAB00A549A6 /* Project object */;
}
